
Microsoft Visual Studio Solution File, Format Version 12.00
# Visual Studio Version 17
VisualStudioVersion = 17.9.34607.119
MinimumVisualStudioVersion = 10.0.40219.1
Project("{FAE04EC0-301F-11D3-BF4B-00C04F79EFBC}") = "MagicVilla_API", "MagicVilla_API\MagicVilla_API.csproj", "{A1205983-4D6A-407A-A598-4CDB0B3C0DBE}"
EndProject
Global
	GlobalSection(SolutionConfigurationPlatforms) = preSolution
		Debug|Any CPU = Debug|Any CPU
		Release|Any CPU = Release|Any CPU
	EndGlobalSection
	GlobalSection(ProjectConfigurationPlatforms) = postSolution
		{A1205983-4D6A-407A-A598-4CDB0B3C0DBE}.Debug|Any CPU.ActiveCfg = Debug|Any CPU
		{A1205983-4D6A-407A-A598-4CDB0B3C0DBE}.Debug|Any CPU.Build.0 = Debug|Any CPU
		{A1205983-4D6A-407A-A598-4CDB0B3C0DBE}.Release|Any CPU.ActiveCfg = Release|Any CPU
		{A1205983-4D6A-407A-A598-4CDB0B3C0DBE}.Release|Any CPU.Build.0 = Release|Any CPU
	EndGlobalSection
	GlobalSection(SolutionProperties) = preSolution
		HideSolutionNode = FALSE
	EndGlobalSection
	GlobalSection(ExtensibilityGlobals) = postSolution
		SolutionGuid = {FD376753-8AB0-4F0E-9602-09465293A02E}
	EndGlobalSection
EndGlobal
